<?xml version="1.0" encoding="utf-8"?>
<Project ToolsVersion="4.0" xmlns="http://schemas.microsoft.com/developer/msbuild/2003">
  <ItemGroup>
    <ClCompile Include="CrayolaEngine.cpp" />
    <ClCompile Include="source\BaseApp.cpp">
      <Filter>source</Filter>
    </ClCompile>
    <ClCompile Include="source\DepthStencilView.cpp">
      <Filter>source</Filter>
    </ClCompile>
    <ClCompile Include="source\Device.cpp">
      <Filter>source</Filter>
    </ClCompile>
    <ClCompile Include="source\DeviceContext.cpp">
      <Filter>source</Filter>
    </ClCompile>
    <ClCompile Include="source\Swapchain.cpp">
      <Filter>source</Filter>
    </ClCompile>
    <ClCompile Include="source\Texture.cpp">
      <Filter>source</Filter>
    </ClCompile>
    <ClCompile Include="source\Window.cpp">
      <Filter>source</Filter>
    </ClCompile>
    <ClCompile Include="source\RenderTargetView.cpp">
      <Filter>source</Filter>
    </ClCompile>
  </ItemGroup>
  <ItemGroup>
    <ClInclude Include="include\BaseApp.h">
      <Filter>include</Filter>
    </ClInclude>
    <ClInclude Include="include\DepthStencilView.h">
      <Filter>include</Filter>
    </ClInclude>
    <ClInclude Include="include\Device.h">
      <Filter>include</Filter>
    </ClInclude>
    <ClInclude Include="include\DeviceContext.h">
      <Filter>include</Filter>
    </ClInclude>
    <ClInclude Include="include\Prerequisites.h">
      <Filter>include</Filter>
    </ClInclude>
    <ClInclude Include="include\RenderTargetView.h">
      <Filter>include</Filter>
    </ClInclude>
    <ClInclude Include="include\Resource.h">
      <Filter>include</Filter>
    </ClInclude>
    <ClInclude Include="include\stb_image.h">
      <Filter>include</Filter>
    </ClInclude>
    <ClInclude Include="include\Swapchain.h">
      <Filter>include</Filter>
    </ClInclude>
    <ClInclude Include="include\Texture.h">
      <Filter>include</Filter>
    </ClInclude>
    <ClInclude Include="include\Window.h">
      <Filter>include</Filter>
    </ClInclude>
    <CLInclude Include="resource.h">
      <Filter>Shaders</Filter>
    </CLInclude>
  </ItemGroup>
  <ItemGroup>
    <Filter Include="DXUT">
      <UniqueIdentifier>{c76595cd-7fb9-4717-b1bb-0ec28c83926e}</UniqueIdentifier>
    </Filter>
    <Filter Include="include">
      <UniqueIdentifier>{bcea3988-d2c4-4c2f-8526-28562b81467b}</UniqueIdentifier>
    </Filter>
    <Filter Include="source">
      <UniqueIdentifier>{673649bc-b195-4658-a3d0-4afb63c75d85}</UniqueIdentifier>
    </Filter>
    <Filter Include="Shaders">
      <UniqueIdentifier>{6f02c05b-37e8-47a9-bc36-375146f9a39a}</UniqueIdentifier>
    </Filter>
    <Filter Include="Resource Files">
      <UniqueIdentifier>{eac25907-ef3a-4928-a261-36d77716aef5}</UniqueIdentifier>
    </Filter>
  </ItemGroup>
  <ItemGroup>
    <None Include="CrayolaEngine.fx">
      <Filter>Shaders</Filter>
    </None>
  </ItemGroup>
  <ItemGroup>
    <ResourceCompile Include="CrayolaEngine.rc">
      <Filter>Resource Files</Filter>
    </ResourceCompile>
  </ItemGroup>
</Project>